
Microsoft Visual Studio Solution File, Format Version 12.00
# Visual Studio Version 16
VisualStudioVersion = 16.0.30804.86
MinimumVisualStudioVersion = 10.0.40219.1
Project("{FAE04EC0-301F-11D3-BF4B-00C04F79EFBC}") = "Rental", "Rental\Rental.csproj", "{09E15BE4-B9D3-427D-A61E-04AF080597BD}"
EndProject
Global
	GlobalSection(SolutionConfigurationPlatforms) = preSolution
		Debug|Any CPU = Debug|Any CPU
		Release|Any CPU = Release|Any CPU
	EndGlobalSection
	GlobalSection(ProjectConfigurationPlatforms) = postSolution
		{09E15BE4-B9D3-427D-A61E-04AF080597BD}.Debug|Any CPU.ActiveCfg = Debug|Any CPU
		{09E15BE4-B9D3-427D-A61E-04AF080597BD}.Debug|Any CPU.Build.0 = Debug|Any CPU
		{09E15BE4-B9D3-427D-A61E-04AF080597BD}.Release|Any CPU.ActiveCfg = Release|Any CPU
		{09E15BE4-B9D3-427D-A61E-04AF080597BD}.Release|Any CPU.Build.0 = Release|Any CPU
	EndGlobalSection
	GlobalSection(SolutionProperties) = preSolution
		HideSolutionNode = FALSE
	EndGlobalSection
	GlobalSection(ExtensibilityGlobals) = postSolution
		SolutionGuid = {AF10141B-58C4-41E8-AD9D-46308ADEE296}
	EndGlobalSection
EndGlobal
